<?xml version="1.0" encoding="utf-8"?>
<Project ToolsVersion="4.0" xmlns="http://schemas.microsoft.com/developer/msbuild/2003">
  <ItemGroup>
    <ClCompile Include="..\..\retrace\d3dretrace_main.cpp">
      <Filter>Source Files</Filter>
    </ClCompile>
    <ClCompile Include="d3dretrace_d3d8.cpp">
      <Filter>Source Files</Filter>
    </ClCompile>
    <ClCompile Include="d3dretrace_d3d9.cpp">
      <Filter>Source Files</Filter>
    </ClCompile>
    <ClCompile Include="d3dretrace_dxgi.cpp">
      <Filter>Source Files</Filter>
    </ClCompile>
    <ClCompile Include="..\..\retrace\d3dretrace_ws.cpp">
      <Filter>Source Files</Filter>
    </ClCompile>
    <ClCompile Include="..\..\retrace\d3d9state.cpp">
      <Filter>Source Files</Filter>
    </ClCompile>
    <ClCompile Include="..\..\retrace\d3d9state_images.cpp">
      <Filter>Source Files</Filter>
    </ClCompile>
    <ClCompile Include="..\..\retrace\dxgistate.cpp">
      <Filter>Source Files</Filter>
    </ClCompile>
    <ClCompile Include="..\..\retrace\d3d10state.cpp">
      <Filter>Source Files</Filter>
    </ClCompile>
    <ClCompile Include="..\..\retrace\d3d10state_images.cpp">
      <Filter>Source Files</Filter>
    </ClCompile>
    <ClCompile Include="..\..\retrace\d3d11state.cpp">
      <Filter>Source Files</Filter>
    </ClCompile>
    <ClCompile Include="..\..\retrace\d3d11state_images.cpp">
      <Filter>Source Files</Filter>
    </ClCompile>
  </ItemGroup>
  <ItemGroup>
    <CustomBuild Include="..\..\retrace\CMakeLists.txt" />
    <CustomBuild Include="..\CMakeFiles\adaaa193178789a8defbc744eb41155d\d3dretrace_d3d8.cpp.rule">
      <Filter>CMake Rules</Filter>
    </CustomBuild>
    <CustomBuild Include="..\CMakeFiles\adaaa193178789a8defbc744eb41155d\d3dretrace_d3d9.cpp.rule">
      <Filter>CMake Rules</Filter>
    </CustomBuild>
    <CustomBuild Include="..\CMakeFiles\adaaa193178789a8defbc744eb41155d\d3dretrace_dxgi.cpp.rule">
      <Filter>CMake Rules</Filter>
    </CustomBuild>
  </ItemGroup>
  <ItemGroup>
    <Filter Include="Source Files">
      <UniqueIdentifier>{93B5B1E2-FD23-4924-871A-E87C9CD88DB9}</UniqueIdentifier>
    </Filter>
    <Filter Include="CMake Rules">
      <UniqueIdentifier>{33ECA42E-A0B4-4465-8830-35005A32722E}</UniqueIdentifier>
    </Filter>
  </ItemGroup>
</Project>
