Microsoft Visual Studio Solution File, Format Version 11.00
# Visual Studio 2010
Project("{8BC9CEB8-8B4A-11D0-8D11-00A0C91BC942}") = "ALL_BUILD", "ALL_BUILD.vcxproj", "{972E4EAD-7634-4CD8-98CD-D624C88F2CAA}"
	ProjectSection(ProjectDependencies) = postProject
		{407454B6-93F1-4309-B810-68FB3DFEE911} = {407454B6-93F1-4309-B810-68FB3DFEE911}
		{790276CA-EF35-4E83-A4C2-801ABF3F196A} = {790276CA-EF35-4E83-A4C2-801ABF3F196A}
		{5302D35B-3E8A-4B03-9028-67E6E8F6B2FA} = {5302D35B-3E8A-4B03-9028-67E6E8F6B2FA}
		{6EF2E1BC-9D5A-4AFB-847C-EA748E32B6AB} = {6EF2E1BC-9D5A-4AFB-847C-EA748E32B6AB}
		{0BA2DACD-9E86-4AC4-A341-EA6F7431FD58} = {0BA2DACD-9E86-4AC4-A341-EA6F7431FD58}
		{E991F023-7427-453C-95D5-C3C77B9F6AB6} = {E991F023-7427-453C-95D5-C3C77B9F6AB6}
		{95AF137E-06BA-412F-80E2-03FC7C0113A2} = {95AF137E-06BA-412F-80E2-03FC7C0113A2}
		{1E4C0E5A-66F6-472F-BCB1-B1A50C967939} = {1E4C0E5A-66F6-472F-BCB1-B1A50C967939}
		{4125585F-97DC-463E-A84C-6388BAACF7F9} = {4125585F-97DC-463E-A84C-6388BAACF7F9}
		{43D5BC45-D5F7-40DF-89B4-17FC5AF3C16D} = {43D5BC45-D5F7-40DF-89B4-17FC5AF3C16D}
		{3909F97A-9781-47A1-9C97-3C336E524565} = {3909F97A-9781-47A1-9C97-3C336E524565}
		{0F3E522A-EFA4-4305-B929-A2027E0478AC} = {0F3E522A-EFA4-4305-B929-A2027E0478AC}
		{CE360F52-D7E0-4B3F-9705-D180CD2AA84B} = {CE360F52-D7E0-4B3F-9705-D180CD2AA84B}
		{BC496A36-BFA0-4566-AFBC-456222676889} = {BC496A36-BFA0-4566-AFBC-456222676889}
		{F42E9B25-B0B2-4034-A49E-E3B98C0E13C1} = {F42E9B25-B0B2-4034-A49E-E3B98C0E13C1}
		{D705AF0A-91A6-4F50-B16C-B59C37B914D7} = {D705AF0A-91A6-4F50-B16C-B59C37B914D7}
		{A5D7417B-4C07-4061-84F7-C32F9573DF57} = {A5D7417B-4C07-4061-84F7-C32F9573DF57}
		{FE218E24-33F6-4439-9EA5-B7B81ABC602E} = {FE218E24-33F6-4439-9EA5-B7B81ABC602E}
		{CA1E1055-496B-45EE-8CBB-49EAB16FC838} = {CA1E1055-496B-45EE-8CBB-49EAB16FC838}
		{F0D5422E-C1A2-4B9C-A157-ABB0B49942DA} = {F0D5422E-C1A2-4B9C-A157-ABB0B49942DA}
		{3EA8F6A1-5153-41F7-8056-1AA80153EB36} = {3EA8F6A1-5153-41F7-8056-1AA80153EB36}
		{9F234227-91A1-4249-A440-46BD7B33ED58} = {9F234227-91A1-4249-A440-46BD7B33ED58}
		{264FB159-F016-4E9E-AA32-FE4462603901} = {264FB159-F016-4E9E-AA32-FE4462603901}
		{FA0334B7-5CFB-45B9-8EB6-47F62805E4B7} = {FA0334B7-5CFB-45B9-8EB6-47F62805E4B7}
		{21B9308B-D927-461D-A5B4-8983BC8FB465} = {21B9308B-D927-461D-A5B4-8983BC8FB465}
	EndProjectSection
EndProject
Project("{8BC9CEB8-8B4A-11D0-8D11-00A0C91BC942}") = "INSTALL", "INSTALL.vcxproj", "{F4B5E275-5413-4E97-A10B-B23291D87165}"
	ProjectSection(ProjectDependencies) = postProject
		{972E4EAD-7634-4CD8-98CD-D624C88F2CAA} = {972E4EAD-7634-4CD8-98CD-D624C88F2CAA}
	EndProjectSection
EndProject
Project("{8BC9CEB8-8B4A-11D0-8D11-00A0C91BC942}") = "PACKAGE", "PACKAGE.vcxproj", "{6C2A0494-45EA-4239-A5EC-48A1E59CBCAD}"
	ProjectSection(ProjectDependencies) = postProject
		{972E4EAD-7634-4CD8-98CD-D624C88F2CAA} = {972E4EAD-7634-4CD8-98CD-D624C88F2CAA}
	EndProjectSection
EndProject
Project("{8BC9CEB8-8B4A-11D0-8D11-00A0C91BC942}") = "ZERO_CHECK", "ZERO_CHECK.vcxproj", "{407454B6-93F1-4309-B810-68FB3DFEE911}"
	ProjectSection(ProjectDependencies) = postProject
	EndProjectSection
EndProject
Project("{8BC9CEB8-8B4A-11D0-8D11-00A0C91BC942}") = "apitrace", "cli\apitrace.vcxproj", "{790276CA-EF35-4E83-A4C2-801ABF3F196A}"
	ProjectSection(ProjectDependencies) = postProject
		{407454B6-93F1-4309-B810-68FB3DFEE911} = {407454B6-93F1-4309-B810-68FB3DFEE911}
		{5302D35B-3E8A-4B03-9028-67E6E8F6B2FA} = {5302D35B-3E8A-4B03-9028-67E6E8F6B2FA}
		{04853C81-C8CB-4AC2-91F0-3F98E816536E} = {04853C81-C8CB-4AC2-91F0-3F98E816536E}
		{ACF03314-3EF9-46E9-99FB-0EC891E76158} = {ACF03314-3EF9-46E9-99FB-0EC891E76158}
		{DDFF97D9-9694-4267-9786-6062F15A1EC6} = {DDFF97D9-9694-4267-9786-6062F15A1EC6}
	EndProjectSection
EndProject
Project("{8BC9CEB8-8B4A-11D0-8D11-00A0C91BC942}") = "common", "common.vcxproj", "{5302D35B-3E8A-4B03-9028-67E6E8F6B2FA}"
	ProjectSection(ProjectDependencies) = postProject
		{407454B6-93F1-4309-B810-68FB3DFEE911} = {407454B6-93F1-4309-B810-68FB3DFEE911}
	EndProjectSection
EndProject
Project("{8BC9CEB8-8B4A-11D0-8D11-00A0C91BC942}") = "common_trace", "wrappers\common_trace.vcxproj", "{6EF2E1BC-9D5A-4AFB-847C-EA748E32B6AB}"
	ProjectSection(ProjectDependencies) = postProject
		{407454B6-93F1-4309-B810-68FB3DFEE911} = {407454B6-93F1-4309-B810-68FB3DFEE911}
	EndProjectSection
EndProject
Project("{8BC9CEB8-8B4A-11D0-8D11-00A0C91BC942}") = "d2d1trace", "wrappers\d2d1trace.vcxproj", "{0BA2DACD-9E86-4AC4-A341-EA6F7431FD58}"
	ProjectSection(ProjectDependencies) = postProject
		{407454B6-93F1-4309-B810-68FB3DFEE911} = {407454B6-93F1-4309-B810-68FB3DFEE911}
		{5302D35B-3E8A-4B03-9028-67E6E8F6B2FA} = {5302D35B-3E8A-4B03-9028-67E6E8F6B2FA}
		{6EF2E1BC-9D5A-4AFB-847C-EA748E32B6AB} = {6EF2E1BC-9D5A-4AFB-847C-EA748E32B6AB}
		{ACF03314-3EF9-46E9-99FB-0EC891E76158} = {ACF03314-3EF9-46E9-99FB-0EC891E76158}
		{DDFF97D9-9694-4267-9786-6062F15A1EC6} = {DDFF97D9-9694-4267-9786-6062F15A1EC6}
	EndProjectSection
EndProject
Project("{8BC9CEB8-8B4A-11D0-8D11-00A0C91BC942}") = "d3d10_1stubs", "wrappers\d3d10_1stubs.vcxproj", "{E991F023-7427-453C-95D5-C3C77B9F6AB6}"
	ProjectSection(ProjectDependencies) = postProject
		{407454B6-93F1-4309-B810-68FB3DFEE911} = {407454B6-93F1-4309-B810-68FB3DFEE911}
		{F42E9B25-B0B2-4034-A49E-E3B98C0E13C1} = {F42E9B25-B0B2-4034-A49E-E3B98C0E13C1}
	EndProjectSection
EndProject
Project("{8BC9CEB8-8B4A-11D0-8D11-00A0C91BC942}") = "d3d10stubs", "wrappers\d3d10stubs.vcxproj", "{95AF137E-06BA-412F-80E2-03FC7C0113A2}"
	ProjectSection(ProjectDependencies) = postProject
		{407454B6-93F1-4309-B810-68FB3DFEE911} = {407454B6-93F1-4309-B810-68FB3DFEE911}
		{F42E9B25-B0B2-4034-A49E-E3B98C0E13C1} = {F42E9B25-B0B2-4034-A49E-E3B98C0E13C1}
	EndProjectSection
EndProject
Project("{8BC9CEB8-8B4A-11D0-8D11-00A0C91BC942}") = "d3d11stubs", "wrappers\d3d11stubs.vcxproj", "{1E4C0E5A-66F6-472F-BCB1-B1A50C967939}"
	ProjectSection(ProjectDependencies) = postProject
		{407454B6-93F1-4309-B810-68FB3DFEE911} = {407454B6-93F1-4309-B810-68FB3DFEE911}
		{F42E9B25-B0B2-4034-A49E-E3B98C0E13C1} = {F42E9B25-B0B2-4034-A49E-E3B98C0E13C1}
	EndProjectSection
EndProject
Project("{8BC9CEB8-8B4A-11D0-8D11-00A0C91BC942}") = "d3d9trace", "wrappers\d3d9trace.vcxproj", "{4125585F-97DC-463E-A84C-6388BAACF7F9}"
	ProjectSection(ProjectDependencies) = postProject
		{407454B6-93F1-4309-B810-68FB3DFEE911} = {407454B6-93F1-4309-B810-68FB3DFEE911}
		{5302D35B-3E8A-4B03-9028-67E6E8F6B2FA} = {5302D35B-3E8A-4B03-9028-67E6E8F6B2FA}
		{6EF2E1BC-9D5A-4AFB-847C-EA748E32B6AB} = {6EF2E1BC-9D5A-4AFB-847C-EA748E32B6AB}
		{43D5BC45-D5F7-40DF-89B4-17FC5AF3C16D} = {43D5BC45-D5F7-40DF-89B4-17FC5AF3C16D}
		{ACF03314-3EF9-46E9-99FB-0EC891E76158} = {ACF03314-3EF9-46E9-99FB-0EC891E76158}
		{DDFF97D9-9694-4267-9786-6062F15A1EC6} = {DDFF97D9-9694-4267-9786-6062F15A1EC6}
	EndProjectSection
EndProject
Project("{8BC9CEB8-8B4A-11D0-8D11-00A0C91BC942}") = "d3dhelpers", "helpers\d3dhelpers.vcxproj", "{43D5BC45-D5F7-40DF-89B4-17FC5AF3C16D}"
	ProjectSection(ProjectDependencies) = postProject
		{407454B6-93F1-4309-B810-68FB3DFEE911} = {407454B6-93F1-4309-B810-68FB3DFEE911}
	EndProjectSection
EndProject
Project("{8BC9CEB8-8B4A-11D0-8D11-00A0C91BC942}") = "d3dretrace", "retrace\d3dretrace.vcxproj", "{3909F97A-9781-47A1-9C97-3C336E524565}"
	ProjectSection(ProjectDependencies) = postProject
		{407454B6-93F1-4309-B810-68FB3DFEE911} = {407454B6-93F1-4309-B810-68FB3DFEE911}
		{43D5BC45-D5F7-40DF-89B4-17FC5AF3C16D} = {43D5BC45-D5F7-40DF-89B4-17FC5AF3C16D}
		{0F3E522A-EFA4-4305-B929-A2027E0478AC} = {0F3E522A-EFA4-4305-B929-A2027E0478AC}
		{FA0334B7-5CFB-45B9-8EB6-47F62805E4B7} = {FA0334B7-5CFB-45B9-8EB6-47F62805E4B7}
	EndProjectSection
EndProject
Project("{8BC9CEB8-8B4A-11D0-8D11-00A0C91BC942}") = "directxtex", "thirdparty\directxtex\directxtex.vcxproj", "{0F3E522A-EFA4-4305-B929-A2027E0478AC}"
	ProjectSection(ProjectDependencies) = postProject
		{407454B6-93F1-4309-B810-68FB3DFEE911} = {407454B6-93F1-4309-B810-68FB3DFEE911}
	EndProjectSection
EndProject
Project("{8BC9CEB8-8B4A-11D0-8D11-00A0C91BC942}") = "dwritetrace", "wrappers\dwritetrace.vcxproj", "{CE360F52-D7E0-4B3F-9705-D180CD2AA84B}"
	ProjectSection(ProjectDependencies) = postProject
		{407454B6-93F1-4309-B810-68FB3DFEE911} = {407454B6-93F1-4309-B810-68FB3DFEE911}
		{0BA2DACD-9E86-4AC4-A341-EA6F7431FD58} = {0BA2DACD-9E86-4AC4-A341-EA6F7431FD58}
	EndProjectSection
EndProject
Project("{8BC9CEB8-8B4A-11D0-8D11-00A0C91BC942}") = "dxgistubs", "wrappers\dxgistubs.vcxproj", "{BC496A36-BFA0-4566-AFBC-456222676889}"
	ProjectSection(ProjectDependencies) = postProject
		{407454B6-93F1-4309-B810-68FB3DFEE911} = {407454B6-93F1-4309-B810-68FB3DFEE911}
		{F42E9B25-B0B2-4034-A49E-E3B98C0E13C1} = {F42E9B25-B0B2-4034-A49E-E3B98C0E13C1}
	EndProjectSection
EndProject
Project("{8BC9CEB8-8B4A-11D0-8D11-00A0C91BC942}") = "dxgitrace", "wrappers\dxgitrace.vcxproj", "{F42E9B25-B0B2-4034-A49E-E3B98C0E13C1}"
	ProjectSection(ProjectDependencies) = postProject
		{407454B6-93F1-4309-B810-68FB3DFEE911} = {407454B6-93F1-4309-B810-68FB3DFEE911}
		{5302D35B-3E8A-4B03-9028-67E6E8F6B2FA} = {5302D35B-3E8A-4B03-9028-67E6E8F6B2FA}
		{6EF2E1BC-9D5A-4AFB-847C-EA748E32B6AB} = {6EF2E1BC-9D5A-4AFB-847C-EA748E32B6AB}
		{43D5BC45-D5F7-40DF-89B4-17FC5AF3C16D} = {43D5BC45-D5F7-40DF-89B4-17FC5AF3C16D}
		{ACF03314-3EF9-46E9-99FB-0EC891E76158} = {ACF03314-3EF9-46E9-99FB-0EC891E76158}
		{DDFF97D9-9694-4267-9786-6062F15A1EC6} = {DDFF97D9-9694-4267-9786-6062F15A1EC6}
	EndProjectSection
EndProject
Project("{8BC9CEB8-8B4A-11D0-8D11-00A0C91BC942}") = "getopt_bundled", "thirdparty\getopt\getopt_bundled.vcxproj", "{04853C81-C8CB-4AC2-91F0-3F98E816536E}"
	ProjectSection(ProjectDependencies) = postProject
		{407454B6-93F1-4309-B810-68FB3DFEE911} = {407454B6-93F1-4309-B810-68FB3DFEE911}
	EndProjectSection
EndProject
Project("{8BC9CEB8-8B4A-11D0-8D11-00A0C91BC942}") = "glproc", "dispatch\glproc.vcxproj", "{D5AA8125-46E7-44D7-99FE-29C9A4CC5778}"
	ProjectSection(ProjectDependencies) = postProject
		{407454B6-93F1-4309-B810-68FB3DFEE911} = {407454B6-93F1-4309-B810-68FB3DFEE911}
	EndProjectSection
EndProject
Project("{8BC9CEB8-8B4A-11D0-8D11-00A0C91BC942}") = "glproc_gl", "dispatch\glproc_gl.vcxproj", "{0AC604F8-529D-49AF-BCF0-8651B9BB9C84}"
	ProjectSection(ProjectDependencies) = postProject
		{407454B6-93F1-4309-B810-68FB3DFEE911} = {407454B6-93F1-4309-B810-68FB3DFEE911}
		{D5AA8125-46E7-44D7-99FE-29C9A4CC5778} = {D5AA8125-46E7-44D7-99FE-29C9A4CC5778}
	EndProjectSection
EndProject
Project("{8BC9CEB8-8B4A-11D0-8D11-00A0C91BC942}") = "glretrace", "retrace\glretrace.vcxproj", "{D705AF0A-91A6-4F50-B16C-B59C37B914D7}"
	ProjectSection(ProjectDependencies) = postProject
		{407454B6-93F1-4309-B810-68FB3DFEE911} = {407454B6-93F1-4309-B810-68FB3DFEE911}
		{D5AA8125-46E7-44D7-99FE-29C9A4CC5778} = {D5AA8125-46E7-44D7-99FE-29C9A4CC5778}
		{0AC604F8-529D-49AF-BCF0-8651B9BB9C84} = {0AC604F8-529D-49AF-BCF0-8651B9BB9C84}
		{A5D7417B-4C07-4061-84F7-C32F9573DF57} = {A5D7417B-4C07-4061-84F7-C32F9573DF57}
		{FA0334B7-5CFB-45B9-8EB6-47F62805E4B7} = {FA0334B7-5CFB-45B9-8EB6-47F62805E4B7}
	EndProjectSection
EndProject
Project("{8BC9CEB8-8B4A-11D0-8D11-00A0C91BC942}") = "glretrace_common", "retrace\glretrace_common.vcxproj", "{A5D7417B-4C07-4061-84F7-C32F9573DF57}"
	ProjectSection(ProjectDependencies) = postProject
		{407454B6-93F1-4309-B810-68FB3DFEE911} = {407454B6-93F1-4309-B810-68FB3DFEE911}
		{D5AA8125-46E7-44D7-99FE-29C9A4CC5778} = {D5AA8125-46E7-44D7-99FE-29C9A4CC5778}
		{FA0334B7-5CFB-45B9-8EB6-47F62805E4B7} = {FA0334B7-5CFB-45B9-8EB6-47F62805E4B7}
	EndProjectSection
EndProject
Project("{8BC9CEB8-8B4A-11D0-8D11-00A0C91BC942}") = "image", "image\image.vcxproj", "{FE218E24-33F6-4439-9EA5-B7B81ABC602E}"
	ProjectSection(ProjectDependencies) = postProject
		{407454B6-93F1-4309-B810-68FB3DFEE911} = {407454B6-93F1-4309-B810-68FB3DFEE911}
		{5B98B1F9-9B30-49AB-AECE-A8B21C1A0258} = {5B98B1F9-9B30-49AB-AECE-A8B21C1A0258}
	EndProjectSection
EndProject
Project("{8BC9CEB8-8B4A-11D0-8D11-00A0C91BC942}") = "injectee", "inject\injectee.vcxproj", "{CA1E1055-496B-45EE-8CBB-49EAB16FC838}"
	ProjectSection(ProjectDependencies) = postProject
		{407454B6-93F1-4309-B810-68FB3DFEE911} = {407454B6-93F1-4309-B810-68FB3DFEE911}
	EndProjectSection
EndProject
Project("{8BC9CEB8-8B4A-11D0-8D11-00A0C91BC942}") = "injector", "inject\injector.vcxproj", "{F0D5422E-C1A2-4B9C-A157-ABB0B49942DA}"
	ProjectSection(ProjectDependencies) = postProject
		{407454B6-93F1-4309-B810-68FB3DFEE911} = {407454B6-93F1-4309-B810-68FB3DFEE911}
	EndProjectSection
EndProject
Project("{8BC9CEB8-8B4A-11D0-8D11-00A0C91BC942}") = "less", "thirdparty\less\less.vcxproj", "{3EA8F6A1-5153-41F7-8056-1AA80153EB36}"
	ProjectSection(ProjectDependencies) = postProject
		{407454B6-93F1-4309-B810-68FB3DFEE911} = {407454B6-93F1-4309-B810-68FB3DFEE911}
	EndProjectSection
EndProject
Project("{8BC9CEB8-8B4A-11D0-8D11-00A0C91BC942}") = "lessecho", "thirdparty\less\lessecho.vcxproj", "{9F234227-91A1-4249-A440-46BD7B33ED58}"
	ProjectSection(ProjectDependencies) = postProject
		{407454B6-93F1-4309-B810-68FB3DFEE911} = {407454B6-93F1-4309-B810-68FB3DFEE911}
	EndProjectSection
EndProject
Project("{8BC9CEB8-8B4A-11D0-8D11-00A0C91BC942}") = "lesskey", "thirdparty\less\lesskey.vcxproj", "{264FB159-F016-4E9E-AA32-FE4462603901}"
	ProjectSection(ProjectDependencies) = postProject
		{407454B6-93F1-4309-B810-68FB3DFEE911} = {407454B6-93F1-4309-B810-68FB3DFEE911}
	EndProjectSection
EndProject
Project("{8BC9CEB8-8B4A-11D0-8D11-00A0C91BC942}") = "png_bundled", "thirdparty\libpng\png_bundled.vcxproj", "{5B98B1F9-9B30-49AB-AECE-A8B21C1A0258}"
	ProjectSection(ProjectDependencies) = postProject
		{407454B6-93F1-4309-B810-68FB3DFEE911} = {407454B6-93F1-4309-B810-68FB3DFEE911}
	EndProjectSection
EndProject
Project("{8BC9CEB8-8B4A-11D0-8D11-00A0C91BC942}") = "retrace_common", "retrace\retrace_common.vcxproj", "{FA0334B7-5CFB-45B9-8EB6-47F62805E4B7}"
	ProjectSection(ProjectDependencies) = postProject
		{407454B6-93F1-4309-B810-68FB3DFEE911} = {407454B6-93F1-4309-B810-68FB3DFEE911}
		{5302D35B-3E8A-4B03-9028-67E6E8F6B2FA} = {5302D35B-3E8A-4B03-9028-67E6E8F6B2FA}
		{04853C81-C8CB-4AC2-91F0-3F98E816536E} = {04853C81-C8CB-4AC2-91F0-3F98E816536E}
		{FE218E24-33F6-4439-9EA5-B7B81ABC602E} = {FE218E24-33F6-4439-9EA5-B7B81ABC602E}
		{ACF03314-3EF9-46E9-99FB-0EC891E76158} = {ACF03314-3EF9-46E9-99FB-0EC891E76158}
		{DDFF97D9-9694-4267-9786-6062F15A1EC6} = {DDFF97D9-9694-4267-9786-6062F15A1EC6}
	EndProjectSection
EndProject
Project("{8BC9CEB8-8B4A-11D0-8D11-00A0C91BC942}") = "snappy_bundled", "thirdparty\snappy\snappy_bundled.vcxproj", "{ACF03314-3EF9-46E9-99FB-0EC891E76158}"
	ProjectSection(ProjectDependencies) = postProject
		{407454B6-93F1-4309-B810-68FB3DFEE911} = {407454B6-93F1-4309-B810-68FB3DFEE911}
	EndProjectSection
EndProject
Project("{8BC9CEB8-8B4A-11D0-8D11-00A0C91BC942}") = "wgltrace", "wrappers\wgltrace.vcxproj", "{21B9308B-D927-461D-A5B4-8983BC8FB465}"
	ProjectSection(ProjectDependencies) = postProject
		{407454B6-93F1-4309-B810-68FB3DFEE911} = {407454B6-93F1-4309-B810-68FB3DFEE911}
		{5302D35B-3E8A-4B03-9028-67E6E8F6B2FA} = {5302D35B-3E8A-4B03-9028-67E6E8F6B2FA}
		{6EF2E1BC-9D5A-4AFB-847C-EA748E32B6AB} = {6EF2E1BC-9D5A-4AFB-847C-EA748E32B6AB}
		{D5AA8125-46E7-44D7-99FE-29C9A4CC5778} = {D5AA8125-46E7-44D7-99FE-29C9A4CC5778}
		{0AC604F8-529D-49AF-BCF0-8651B9BB9C84} = {0AC604F8-529D-49AF-BCF0-8651B9BB9C84}
		{ACF03314-3EF9-46E9-99FB-0EC891E76158} = {ACF03314-3EF9-46E9-99FB-0EC891E76158}
		{DDFF97D9-9694-4267-9786-6062F15A1EC6} = {DDFF97D9-9694-4267-9786-6062F15A1EC6}
	EndProjectSection
EndProject
Project("{8BC9CEB8-8B4A-11D0-8D11-00A0C91BC942}") = "z_bundled", "thirdparty\zlib\z_bundled.vcxproj", "{DDFF97D9-9694-4267-9786-6062F15A1EC6}"
	ProjectSection(ProjectDependencies) = postProject
		{407454B6-93F1-4309-B810-68FB3DFEE911} = {407454B6-93F1-4309-B810-68FB3DFEE911}
	EndProjectSection
EndProject
Global
	GlobalSection(SolutionConfigurationPlatforms) = preSolution
		Debug|Win32 = Debug|Win32
		Release|Win32 = Release|Win32
		MinSizeRel|Win32 = MinSizeRel|Win32
		RelWithDebInfo|Win32 = RelWithDebInfo|Win32
	EndGlobalSection
	GlobalSection(ProjectConfigurationPlatforms) = postSolution
		{972E4EAD-7634-4CD8-98CD-D624C88F2CAA}.Debug|Win32.ActiveCfg = Debug|Win32
		{972E4EAD-7634-4CD8-98CD-D624C88F2CAA}.Debug|Win32.Build.0 = Debug|Win32
		{972E4EAD-7634-4CD8-98CD-D624C88F2CAA}.Release|Win32.ActiveCfg = Release|Win32
		{972E4EAD-7634-4CD8-98CD-D624C88F2CAA}.Release|Win32.Build.0 = Release|Win32
		{972E4EAD-7634-4CD8-98CD-D624C88F2CAA}.MinSizeRel|Win32.ActiveCfg = MinSizeRel|Win32
		{972E4EAD-7634-4CD8-98CD-D624C88F2CAA}.MinSizeRel|Win32.Build.0 = MinSizeRel|Win32
		{972E4EAD-7634-4CD8-98CD-D624C88F2CAA}.RelWithDebInfo|Win32.ActiveCfg = RelWithDebInfo|Win32
		{972E4EAD-7634-4CD8-98CD-D624C88F2CAA}.RelWithDebInfo|Win32.Build.0 = RelWithDebInfo|Win32
		{F4B5E275-5413-4E97-A10B-B23291D87165}.Debug|Win32.ActiveCfg = Debug|Win32
		{F4B5E275-5413-4E97-A10B-B23291D87165}.Release|Win32.ActiveCfg = Release|Win32
		{F4B5E275-5413-4E97-A10B-B23291D87165}.MinSizeRel|Win32.ActiveCfg = MinSizeRel|Win32
		{F4B5E275-5413-4E97-A10B-B23291D87165}.RelWithDebInfo|Win32.ActiveCfg = RelWithDebInfo|Win32
		{6C2A0494-45EA-4239-A5EC-48A1E59CBCAD}.Debug|Win32.ActiveCfg = Debug|Win32
		{6C2A0494-45EA-4239-A5EC-48A1E59CBCAD}.Release|Win32.ActiveCfg = Release|Win32
		{6C2A0494-45EA-4239-A5EC-48A1E59CBCAD}.MinSizeRel|Win32.ActiveCfg = MinSizeRel|Win32
		{6C2A0494-45EA-4239-A5EC-48A1E59CBCAD}.RelWithDebInfo|Win32.ActiveCfg = RelWithDebInfo|Win32
		{407454B6-93F1-4309-B810-68FB3DFEE911}.Debug|Win32.ActiveCfg = Debug|Win32
		{407454B6-93F1-4309-B810-68FB3DFEE911}.Debug|Win32.Build.0 = Debug|Win32
		{407454B6-93F1-4309-B810-68FB3DFEE911}.Release|Win32.ActiveCfg = Release|Win32
		{407454B6-93F1-4309-B810-68FB3DFEE911}.Release|Win32.Build.0 = Release|Win32
		{407454B6-93F1-4309-B810-68FB3DFEE911}.MinSizeRel|Win32.ActiveCfg = MinSizeRel|Win32
		{407454B6-93F1-4309-B810-68FB3DFEE911}.MinSizeRel|Win32.Build.0 = MinSizeRel|Win32
		{407454B6-93F1-4309-B810-68FB3DFEE911}.RelWithDebInfo|Win32.ActiveCfg = RelWithDebInfo|Win32
		{407454B6-93F1-4309-B810-68FB3DFEE911}.RelWithDebInfo|Win32.Build.0 = RelWithDebInfo|Win32
		{790276CA-EF35-4E83-A4C2-801ABF3F196A}.Debug|Win32.ActiveCfg = Debug|Win32
		{790276CA-EF35-4E83-A4C2-801ABF3F196A}.Debug|Win32.Build.0 = Debug|Win32
		{790276CA-EF35-4E83-A4C2-801ABF3F196A}.Release|Win32.ActiveCfg = Release|Win32
		{790276CA-EF35-4E83-A4C2-801ABF3F196A}.Release|Win32.Build.0 = Release|Win32
		{790276CA-EF35-4E83-A4C2-801ABF3F196A}.MinSizeRel|Win32.ActiveCfg = MinSizeRel|Win32
		{790276CA-EF35-4E83-A4C2-801ABF3F196A}.MinSizeRel|Win32.Build.0 = MinSizeRel|Win32
		{790276CA-EF35-4E83-A4C2-801ABF3F196A}.RelWithDebInfo|Win32.ActiveCfg = RelWithDebInfo|Win32
		{790276CA-EF35-4E83-A4C2-801ABF3F196A}.RelWithDebInfo|Win32.Build.0 = RelWithDebInfo|Win32
		{5302D35B-3E8A-4B03-9028-67E6E8F6B2FA}.Debug|Win32.ActiveCfg = Debug|Win32
		{5302D35B-3E8A-4B03-9028-67E6E8F6B2FA}.Debug|Win32.Build.0 = Debug|Win32
		{5302D35B-3E8A-4B03-9028-67E6E8F6B2FA}.Release|Win32.ActiveCfg = Release|Win32
		{5302D35B-3E8A-4B03-9028-67E6E8F6B2FA}.Release|Win32.Build.0 = Release|Win32
		{5302D35B-3E8A-4B03-9028-67E6E8F6B2FA}.MinSizeRel|Win32.ActiveCfg = MinSizeRel|Win32
		{5302D35B-3E8A-4B03-9028-67E6E8F6B2FA}.MinSizeRel|Win32.Build.0 = MinSizeRel|Win32
		{5302D35B-3E8A-4B03-9028-67E6E8F6B2FA}.RelWithDebInfo|Win32.ActiveCfg = RelWithDebInfo|Win32
		{5302D35B-3E8A-4B03-9028-67E6E8F6B2FA}.RelWithDebInfo|Win32.Build.0 = RelWithDebInfo|Win32
		{6EF2E1BC-9D5A-4AFB-847C-EA748E32B6AB}.Debug|Win32.ActiveCfg = Debug|Win32
		{6EF2E1BC-9D5A-4AFB-847C-EA748E32B6AB}.Debug|Win32.Build.0 = Debug|Win32
		{6EF2E1BC-9D5A-4AFB-847C-EA748E32B6AB}.Release|Win32.ActiveCfg = Release|Win32
		{6EF2E1BC-9D5A-4AFB-847C-EA748E32B6AB}.Release|Win32.Build.0 = Release|Win32
		{6EF2E1BC-9D5A-4AFB-847C-EA748E32B6AB}.MinSizeRel|Win32.ActiveCfg = MinSizeRel|Win32
		{6EF2E1BC-9D5A-4AFB-847C-EA748E32B6AB}.MinSizeRel|Win32.Build.0 = MinSizeRel|Win32
		{6EF2E1BC-9D5A-4AFB-847C-EA748E32B6AB}.RelWithDebInfo|Win32.ActiveCfg = RelWithDebInfo|Win32
		{6EF2E1BC-9D5A-4AFB-847C-EA748E32B6AB}.RelWithDebInfo|Win32.Build.0 = RelWithDebInfo|Win32
		{0BA2DACD-9E86-4AC4-A341-EA6F7431FD58}.Debug|Win32.ActiveCfg = Debug|Win32
		{0BA2DACD-9E86-4AC4-A341-EA6F7431FD58}.Debug|Win32.Build.0 = Debug|Win32
		{0BA2DACD-9E86-4AC4-A341-EA6F7431FD58}.Release|Win32.ActiveCfg = Release|Win32
		{0BA2DACD-9E86-4AC4-A341-EA6F7431FD58}.Release|Win32.Build.0 = Release|Win32
		{0BA2DACD-9E86-4AC4-A341-EA6F7431FD58}.MinSizeRel|Win32.ActiveCfg = MinSizeRel|Win32
		{0BA2DACD-9E86-4AC4-A341-EA6F7431FD58}.MinSizeRel|Win32.Build.0 = MinSizeRel|Win32
		{0BA2DACD-9E86-4AC4-A341-EA6F7431FD58}.RelWithDebInfo|Win32.ActiveCfg = RelWithDebInfo|Win32
		{0BA2DACD-9E86-4AC4-A341-EA6F7431FD58}.RelWithDebInfo|Win32.Build.0 = RelWithDebInfo|Win32
		{E991F023-7427-453C-95D5-C3C77B9F6AB6}.Debug|Win32.ActiveCfg = Debug|Win32
		{E991F023-7427-453C-95D5-C3C77B9F6AB6}.Debug|Win32.Build.0 = Debug|Win32
		{E991F023-7427-453C-95D5-C3C77B9F6AB6}.Release|Win32.ActiveCfg = Release|Win32
		{E991F023-7427-453C-95D5-C3C77B9F6AB6}.Release|Win32.Build.0 = Release|Win32
		{E991F023-7427-453C-95D5-C3C77B9F6AB6}.MinSizeRel|Win32.ActiveCfg = MinSizeRel|Win32
		{E991F023-7427-453C-95D5-C3C77B9F6AB6}.MinSizeRel|Win32.Build.0 = MinSizeRel|Win32
		{E991F023-7427-453C-95D5-C3C77B9F6AB6}.RelWithDebInfo|Win32.ActiveCfg = RelWithDebInfo|Win32
		{E991F023-7427-453C-95D5-C3C77B9F6AB6}.RelWithDebInfo|Win32.Build.0 = RelWithDebInfo|Win32
		{95AF137E-06BA-412F-80E2-03FC7C0113A2}.Debug|Win32.ActiveCfg = Debug|Win32
		{95AF137E-06BA-412F-80E2-03FC7C0113A2}.Debug|Win32.Build.0 = Debug|Win32
		{95AF137E-06BA-412F-80E2-03FC7C0113A2}.Release|Win32.ActiveCfg = Release|Win32
		{95AF137E-06BA-412F-80E2-03FC7C0113A2}.Release|Win32.Build.0 = Release|Win32
		{95AF137E-06BA-412F-80E2-03FC7C0113A2}.MinSizeRel|Win32.ActiveCfg = MinSizeRel|Win32
		{95AF137E-06BA-412F-80E2-03FC7C0113A2}.MinSizeRel|Win32.Build.0 = MinSizeRel|Win32
		{95AF137E-06BA-412F-80E2-03FC7C0113A2}.RelWithDebInfo|Win32.ActiveCfg = RelWithDebInfo|Win32
		{95AF137E-06BA-412F-80E2-03FC7C0113A2}.RelWithDebInfo|Win32.Build.0 = RelWithDebInfo|Win32
		{1E4C0E5A-66F6-472F-BCB1-B1A50C967939}.Debug|Win32.ActiveCfg = Debug|Win32
		{1E4C0E5A-66F6-472F-BCB1-B1A50C967939}.Debug|Win32.Build.0 = Debug|Win32
		{1E4C0E5A-66F6-472F-BCB1-B1A50C967939}.Release|Win32.ActiveCfg = Release|Win32
		{1E4C0E5A-66F6-472F-BCB1-B1A50C967939}.Release|Win32.Build.0 = Release|Win32
		{1E4C0E5A-66F6-472F-BCB1-B1A50C967939}.MinSizeRel|Win32.ActiveCfg = MinSizeRel|Win32
		{1E4C0E5A-66F6-472F-BCB1-B1A50C967939}.MinSizeRel|Win32.Build.0 = MinSizeRel|Win32
		{1E4C0E5A-66F6-472F-BCB1-B1A50C967939}.RelWithDebInfo|Win32.ActiveCfg = RelWithDebInfo|Win32
		{1E4C0E5A-66F6-472F-BCB1-B1A50C967939}.RelWithDebInfo|Win32.Build.0 = RelWithDebInfo|Win32
		{4125585F-97DC-463E-A84C-6388BAACF7F9}.Debug|Win32.ActiveCfg = Debug|Win32
		{4125585F-97DC-463E-A84C-6388BAACF7F9}.Debug|Win32.Build.0 = Debug|Win32
		{4125585F-97DC-463E-A84C-6388BAACF7F9}.Release|Win32.ActiveCfg = Release|Win32
		{4125585F-97DC-463E-A84C-6388BAACF7F9}.Release|Win32.Build.0 = Release|Win32
		{4125585F-97DC-463E-A84C-6388BAACF7F9}.MinSizeRel|Win32.ActiveCfg = MinSizeRel|Win32
		{4125585F-97DC-463E-A84C-6388BAACF7F9}.MinSizeRel|Win32.Build.0 = MinSizeRel|Win32
		{4125585F-97DC-463E-A84C-6388BAACF7F9}.RelWithDebInfo|Win32.ActiveCfg = RelWithDebInfo|Win32
		{4125585F-97DC-463E-A84C-6388BAACF7F9}.RelWithDebInfo|Win32.Build.0 = RelWithDebInfo|Win32
		{43D5BC45-D5F7-40DF-89B4-17FC5AF3C16D}.Debug|Win32.ActiveCfg = Debug|Win32
		{43D5BC45-D5F7-40DF-89B4-17FC5AF3C16D}.Debug|Win32.Build.0 = Debug|Win32
		{43D5BC45-D5F7-40DF-89B4-17FC5AF3C16D}.Release|Win32.ActiveCfg = Release|Win32
		{43D5BC45-D5F7-40DF-89B4-17FC5AF3C16D}.Release|Win32.Build.0 = Release|Win32
		{43D5BC45-D5F7-40DF-89B4-17FC5AF3C16D}.MinSizeRel|Win32.ActiveCfg = MinSizeRel|Win32
		{43D5BC45-D5F7-40DF-89B4-17FC5AF3C16D}.MinSizeRel|Win32.Build.0 = MinSizeRel|Win32
		{43D5BC45-D5F7-40DF-89B4-17FC5AF3C16D}.RelWithDebInfo|Win32.ActiveCfg = RelWithDebInfo|Win32
		{43D5BC45-D5F7-40DF-89B4-17FC5AF3C16D}.RelWithDebInfo|Win32.Build.0 = RelWithDebInfo|Win32
		{3909F97A-9781-47A1-9C97-3C336E524565}.Debug|Win32.ActiveCfg = Debug|Win32
		{3909F97A-9781-47A1-9C97-3C336E524565}.Debug|Win32.Build.0 = Debug|Win32
		{3909F97A-9781-47A1-9C97-3C336E524565}.Release|Win32.ActiveCfg = Release|Win32
		{3909F97A-9781-47A1-9C97-3C336E524565}.Release|Win32.Build.0 = Release|Win32
		{3909F97A-9781-47A1-9C97-3C336E524565}.MinSizeRel|Win32.ActiveCfg = MinSizeRel|Win32
		{3909F97A-9781-47A1-9C97-3C336E524565}.MinSizeRel|Win32.Build.0 = MinSizeRel|Win32
		{3909F97A-9781-47A1-9C97-3C336E524565}.RelWithDebInfo|Win32.ActiveCfg = RelWithDebInfo|Win32
		{3909F97A-9781-47A1-9C97-3C336E524565}.RelWithDebInfo|Win32.Build.0 = RelWithDebInfo|Win32
		{0F3E522A-EFA4-4305-B929-A2027E0478AC}.Debug|Win32.ActiveCfg = Debug|Win32
		{0F3E522A-EFA4-4305-B929-A2027E0478AC}.Debug|Win32.Build.0 = Debug|Win32
		{0F3E522A-EFA4-4305-B929-A2027E0478AC}.Release|Win32.ActiveCfg = Release|Win32
		{0F3E522A-EFA4-4305-B929-A2027E0478AC}.Release|Win32.Build.0 = Release|Win32
		{0F3E522A-EFA4-4305-B929-A2027E0478AC}.MinSizeRel|Win32.ActiveCfg = MinSizeRel|Win32
		{0F3E522A-EFA4-4305-B929-A2027E0478AC}.MinSizeRel|Win32.Build.0 = MinSizeRel|Win32
		{0F3E522A-EFA4-4305-B929-A2027E0478AC}.RelWithDebInfo|Win32.ActiveCfg = RelWithDebInfo|Win32
		{0F3E522A-EFA4-4305-B929-A2027E0478AC}.RelWithDebInfo|Win32.Build.0 = RelWithDebInfo|Win32
		{CE360F52-D7E0-4B3F-9705-D180CD2AA84B}.Debug|Win32.ActiveCfg = Debug|Win32
		{CE360F52-D7E0-4B3F-9705-D180CD2AA84B}.Debug|Win32.Build.0 = Debug|Win32
		{CE360F52-D7E0-4B3F-9705-D180CD2AA84B}.Release|Win32.ActiveCfg = Release|Win32
		{CE360F52-D7E0-4B3F-9705-D180CD2AA84B}.Release|Win32.Build.0 = Release|Win32
		{CE360F52-D7E0-4B3F-9705-D180CD2AA84B}.MinSizeRel|Win32.ActiveCfg = MinSizeRel|Win32
		{CE360F52-D7E0-4B3F-9705-D180CD2AA84B}.MinSizeRel|Win32.Build.0 = MinSizeRel|Win32
		{CE360F52-D7E0-4B3F-9705-D180CD2AA84B}.RelWithDebInfo|Win32.ActiveCfg = RelWithDebInfo|Win32
		{CE360F52-D7E0-4B3F-9705-D180CD2AA84B}.RelWithDebInfo|Win32.Build.0 = RelWithDebInfo|Win32
		{BC496A36-BFA0-4566-AFBC-456222676889}.Debug|Win32.ActiveCfg = Debug|Win32
		{BC496A36-BFA0-4566-AFBC-456222676889}.Debug|Win32.Build.0 = Debug|Win32
		{BC496A36-BFA0-4566-AFBC-456222676889}.Release|Win32.ActiveCfg = Release|Win32
		{BC496A36-BFA0-4566-AFBC-456222676889}.Release|Win32.Build.0 = Release|Win32
		{BC496A36-BFA0-4566-AFBC-456222676889}.MinSizeRel|Win32.ActiveCfg = MinSizeRel|Win32
		{BC496A36-BFA0-4566-AFBC-456222676889}.MinSizeRel|Win32.Build.0 = MinSizeRel|Win32
		{BC496A36-BFA0-4566-AFBC-456222676889}.RelWithDebInfo|Win32.ActiveCfg = RelWithDebInfo|Win32
		{BC496A36-BFA0-4566-AFBC-456222676889}.RelWithDebInfo|Win32.Build.0 = RelWithDebInfo|Win32
		{F42E9B25-B0B2-4034-A49E-E3B98C0E13C1}.Debug|Win32.ActiveCfg = Debug|Win32
		{F42E9B25-B0B2-4034-A49E-E3B98C0E13C1}.Debug|Win32.Build.0 = Debug|Win32
		{F42E9B25-B0B2-4034-A49E-E3B98C0E13C1}.Release|Win32.ActiveCfg = Release|Win32
		{F42E9B25-B0B2-4034-A49E-E3B98C0E13C1}.Release|Win32.Build.0 = Release|Win32
		{F42E9B25-B0B2-4034-A49E-E3B98C0E13C1}.MinSizeRel|Win32.ActiveCfg = MinSizeRel|Win32
		{F42E9B25-B0B2-4034-A49E-E3B98C0E13C1}.MinSizeRel|Win32.Build.0 = MinSizeRel|Win32
		{F42E9B25-B0B2-4034-A49E-E3B98C0E13C1}.RelWithDebInfo|Win32.ActiveCfg = RelWithDebInfo|Win32
		{F42E9B25-B0B2-4034-A49E-E3B98C0E13C1}.RelWithDebInfo|Win32.Build.0 = RelWithDebInfo|Win32
		{04853C81-C8CB-4AC2-91F0-3F98E816536E}.Debug|Win32.ActiveCfg = Debug|Win32
		{04853C81-C8CB-4AC2-91F0-3F98E816536E}.Debug|Win32.Build.0 = Debug|Win32
		{04853C81-C8CB-4AC2-91F0-3F98E816536E}.Release|Win32.ActiveCfg = Release|Win32
		{04853C81-C8CB-4AC2-91F0-3F98E816536E}.Release|Win32.Build.0 = Release|Win32
		{04853C81-C8CB-4AC2-91F0-3F98E816536E}.MinSizeRel|Win32.ActiveCfg = MinSizeRel|Win32
		{04853C81-C8CB-4AC2-91F0-3F98E816536E}.MinSizeRel|Win32.Build.0 = MinSizeRel|Win32
		{04853C81-C8CB-4AC2-91F0-3F98E816536E}.RelWithDebInfo|Win32.ActiveCfg = RelWithDebInfo|Win32
		{04853C81-C8CB-4AC2-91F0-3F98E816536E}.RelWithDebInfo|Win32.Build.0 = RelWithDebInfo|Win32
		{D5AA8125-46E7-44D7-99FE-29C9A4CC5778}.Debug|Win32.ActiveCfg = Debug|Win32
		{D5AA8125-46E7-44D7-99FE-29C9A4CC5778}.Debug|Win32.Build.0 = Debug|Win32
		{D5AA8125-46E7-44D7-99FE-29C9A4CC5778}.Release|Win32.ActiveCfg = Release|Win32
		{D5AA8125-46E7-44D7-99FE-29C9A4CC5778}.Release|Win32.Build.0 = Release|Win32
		{D5AA8125-46E7-44D7-99FE-29C9A4CC5778}.MinSizeRel|Win32.ActiveCfg = MinSizeRel|Win32
		{D5AA8125-46E7-44D7-99FE-29C9A4CC5778}.MinSizeRel|Win32.Build.0 = MinSizeRel|Win32
		{D5AA8125-46E7-44D7-99FE-29C9A4CC5778}.RelWithDebInfo|Win32.ActiveCfg = RelWithDebInfo|Win32
		{D5AA8125-46E7-44D7-99FE-29C9A4CC5778}.RelWithDebInfo|Win32.Build.0 = RelWithDebInfo|Win32
		{0AC604F8-529D-49AF-BCF0-8651B9BB9C84}.Debug|Win32.ActiveCfg = Debug|Win32
		{0AC604F8-529D-49AF-BCF0-8651B9BB9C84}.Debug|Win32.Build.0 = Debug|Win32
		{0AC604F8-529D-49AF-BCF0-8651B9BB9C84}.Release|Win32.ActiveCfg = Release|Win32
		{0AC604F8-529D-49AF-BCF0-8651B9BB9C84}.Release|Win32.Build.0 = Release|Win32
		{0AC604F8-529D-49AF-BCF0-8651B9BB9C84}.MinSizeRel|Win32.ActiveCfg = MinSizeRel|Win32
		{0AC604F8-529D-49AF-BCF0-8651B9BB9C84}.MinSizeRel|Win32.Build.0 = MinSizeRel|Win32
		{0AC604F8-529D-49AF-BCF0-8651B9BB9C84}.RelWithDebInfo|Win32.ActiveCfg = RelWithDebInfo|Win32
		{0AC604F8-529D-49AF-BCF0-8651B9BB9C84}.RelWithDebInfo|Win32.Build.0 = RelWithDebInfo|Win32
		{D705AF0A-91A6-4F50-B16C-B59C37B914D7}.Debug|Win32.ActiveCfg = Debug|Win32
		{D705AF0A-91A6-4F50-B16C-B59C37B914D7}.Debug|Win32.Build.0 = Debug|Win32
		{D705AF0A-91A6-4F50-B16C-B59C37B914D7}.Release|Win32.ActiveCfg = Release|Win32
		{D705AF0A-91A6-4F50-B16C-B59C37B914D7}.Release|Win32.Build.0 = Release|Win32
		{D705AF0A-91A6-4F50-B16C-B59C37B914D7}.MinSizeRel|Win32.ActiveCfg = MinSizeRel|Win32
		{D705AF0A-91A6-4F50-B16C-B59C37B914D7}.MinSizeRel|Win32.Build.0 = MinSizeRel|Win32
		{D705AF0A-91A6-4F50-B16C-B59C37B914D7}.RelWithDebInfo|Win32.ActiveCfg = RelWithDebInfo|Win32
		{D705AF0A-91A6-4F50-B16C-B59C37B914D7}.RelWithDebInfo|Win32.Build.0 = RelWithDebInfo|Win32
		{A5D7417B-4C07-4061-84F7-C32F9573DF57}.Debug|Win32.ActiveCfg = Debug|Win32
		{A5D7417B-4C07-4061-84F7-C32F9573DF57}.Debug|Win32.Build.0 = Debug|Win32
		{A5D7417B-4C07-4061-84F7-C32F9573DF57}.Release|Win32.ActiveCfg = Release|Win32
		{A5D7417B-4C07-4061-84F7-C32F9573DF57}.Release|Win32.Build.0 = Release|Win32
		{A5D7417B-4C07-4061-84F7-C32F9573DF57}.MinSizeRel|Win32.ActiveCfg = MinSizeRel|Win32
		{A5D7417B-4C07-4061-84F7-C32F9573DF57}.MinSizeRel|Win32.Build.0 = MinSizeRel|Win32
		{A5D7417B-4C07-4061-84F7-C32F9573DF57}.RelWithDebInfo|Win32.ActiveCfg = RelWithDebInfo|Win32
		{A5D7417B-4C07-4061-84F7-C32F9573DF57}.RelWithDebInfo|Win32.Build.0 = RelWithDebInfo|Win32
		{FE218E24-33F6-4439-9EA5-B7B81ABC602E}.Debug|Win32.ActiveCfg = Debug|Win32
		{FE218E24-33F6-4439-9EA5-B7B81ABC602E}.Debug|Win32.Build.0 = Debug|Win32
		{FE218E24-33F6-4439-9EA5-B7B81ABC602E}.Release|Win32.ActiveCfg = Release|Win32
		{FE218E24-33F6-4439-9EA5-B7B81ABC602E}.Release|Win32.Build.0 = Release|Win32
		{FE218E24-33F6-4439-9EA5-B7B81ABC602E}.MinSizeRel|Win32.ActiveCfg = MinSizeRel|Win32
		{FE218E24-33F6-4439-9EA5-B7B81ABC602E}.MinSizeRel|Win32.Build.0 = MinSizeRel|Win32
		{FE218E24-33F6-4439-9EA5-B7B81ABC602E}.RelWithDebInfo|Win32.ActiveCfg = RelWithDebInfo|Win32
		{FE218E24-33F6-4439-9EA5-B7B81ABC602E}.RelWithDebInfo|Win32.Build.0 = RelWithDebInfo|Win32
		{CA1E1055-496B-45EE-8CBB-49EAB16FC838}.Debug|Win32.ActiveCfg = Debug|Win32
		{CA1E1055-496B-45EE-8CBB-49EAB16FC838}.Debug|Win32.Build.0 = Debug|Win32
		{CA1E1055-496B-45EE-8CBB-49EAB16FC838}.Release|Win32.ActiveCfg = Release|Win32
		{CA1E1055-496B-45EE-8CBB-49EAB16FC838}.Release|Win32.Build.0 = Release|Win32
		{CA1E1055-496B-45EE-8CBB-49EAB16FC838}.MinSizeRel|Win32.ActiveCfg = MinSizeRel|Win32
		{CA1E1055-496B-45EE-8CBB-49EAB16FC838}.MinSizeRel|Win32.Build.0 = MinSizeRel|Win32
		{CA1E1055-496B-45EE-8CBB-49EAB16FC838}.RelWithDebInfo|Win32.ActiveCfg = RelWithDebInfo|Win32
		{CA1E1055-496B-45EE-8CBB-49EAB16FC838}.RelWithDebInfo|Win32.Build.0 = RelWithDebInfo|Win32
		{F0D5422E-C1A2-4B9C-A157-ABB0B49942DA}.Debug|Win32.ActiveCfg = Debug|Win32
		{F0D5422E-C1A2-4B9C-A157-ABB0B49942DA}.Debug|Win32.Build.0 = Debug|Win32
		{F0D5422E-C1A2-4B9C-A157-ABB0B49942DA}.Release|Win32.ActiveCfg = Release|Win32
		{F0D5422E-C1A2-4B9C-A157-ABB0B49942DA}.Release|Win32.Build.0 = Release|Win32
		{F0D5422E-C1A2-4B9C-A157-ABB0B49942DA}.MinSizeRel|Win32.ActiveCfg = MinSizeRel|Win32
		{F0D5422E-C1A2-4B9C-A157-ABB0B49942DA}.MinSizeRel|Win32.Build.0 = MinSizeRel|Win32
		{F0D5422E-C1A2-4B9C-A157-ABB0B49942DA}.RelWithDebInfo|Win32.ActiveCfg = RelWithDebInfo|Win32
		{F0D5422E-C1A2-4B9C-A157-ABB0B49942DA}.RelWithDebInfo|Win32.Build.0 = RelWithDebInfo|Win32
		{3EA8F6A1-5153-41F7-8056-1AA80153EB36}.Debug|Win32.ActiveCfg = Debug|Win32
		{3EA8F6A1-5153-41F7-8056-1AA80153EB36}.Debug|Win32.Build.0 = Debug|Win32
		{3EA8F6A1-5153-41F7-8056-1AA80153EB36}.Release|Win32.ActiveCfg = Release|Win32
		{3EA8F6A1-5153-41F7-8056-1AA80153EB36}.Release|Win32.Build.0 = Release|Win32
		{3EA8F6A1-5153-41F7-8056-1AA80153EB36}.MinSizeRel|Win32.ActiveCfg = MinSizeRel|Win32
		{3EA8F6A1-5153-41F7-8056-1AA80153EB36}.MinSizeRel|Win32.Build.0 = MinSizeRel|Win32
		{3EA8F6A1-5153-41F7-8056-1AA80153EB36}.RelWithDebInfo|Win32.ActiveCfg = RelWithDebInfo|Win32
		{3EA8F6A1-5153-41F7-8056-1AA80153EB36}.RelWithDebInfo|Win32.Build.0 = RelWithDebInfo|Win32
		{9F234227-91A1-4249-A440-46BD7B33ED58}.Debug|Win32.ActiveCfg = Debug|Win32
		{9F234227-91A1-4249-A440-46BD7B33ED58}.Debug|Win32.Build.0 = Debug|Win32
		{9F234227-91A1-4249-A440-46BD7B33ED58}.Release|Win32.ActiveCfg = Release|Win32
		{9F234227-91A1-4249-A440-46BD7B33ED58}.Release|Win32.Build.0 = Release|Win32
		{9F234227-91A1-4249-A440-46BD7B33ED58}.MinSizeRel|Win32.ActiveCfg = MinSizeRel|Win32
		{9F234227-91A1-4249-A440-46BD7B33ED58}.MinSizeRel|Win32.Build.0 = MinSizeRel|Win32
		{9F234227-91A1-4249-A440-46BD7B33ED58}.RelWithDebInfo|Win32.ActiveCfg = RelWithDebInfo|Win32
		{9F234227-91A1-4249-A440-46BD7B33ED58}.RelWithDebInfo|Win32.Build.0 = RelWithDebInfo|Win32
		{264FB159-F016-4E9E-AA32-FE4462603901}.Debug|Win32.ActiveCfg = Debug|Win32
		{264FB159-F016-4E9E-AA32-FE4462603901}.Debug|Win32.Build.0 = Debug|Win32
		{264FB159-F016-4E9E-AA32-FE4462603901}.Release|Win32.ActiveCfg = Release|Win32
		{264FB159-F016-4E9E-AA32-FE4462603901}.Release|Win32.Build.0 = Release|Win32
		{264FB159-F016-4E9E-AA32-FE4462603901}.MinSizeRel|Win32.ActiveCfg = MinSizeRel|Win32
		{264FB159-F016-4E9E-AA32-FE4462603901}.MinSizeRel|Win32.Build.0 = MinSizeRel|Win32
		{264FB159-F016-4E9E-AA32-FE4462603901}.RelWithDebInfo|Win32.ActiveCfg = RelWithDebInfo|Win32
		{264FB159-F016-4E9E-AA32-FE4462603901}.RelWithDebInfo|Win32.Build.0 = RelWithDebInfo|Win32
		{5B98B1F9-9B30-49AB-AECE-A8B21C1A0258}.Debug|Win32.ActiveCfg = Debug|Win32
		{5B98B1F9-9B30-49AB-AECE-A8B21C1A0258}.Debug|Win32.Build.0 = Debug|Win32
		{5B98B1F9-9B30-49AB-AECE-A8B21C1A0258}.Release|Win32.ActiveCfg = Release|Win32
		{5B98B1F9-9B30-49AB-AECE-A8B21C1A0258}.Release|Win32.Build.0 = Release|Win32
		{5B98B1F9-9B30-49AB-AECE-A8B21C1A0258}.MinSizeRel|Win32.ActiveCfg = MinSizeRel|Win32
		{5B98B1F9-9B30-49AB-AECE-A8B21C1A0258}.MinSizeRel|Win32.Build.0 = MinSizeRel|Win32
		{5B98B1F9-9B30-49AB-AECE-A8B21C1A0258}.RelWithDebInfo|Win32.ActiveCfg = RelWithDebInfo|Win32
		{5B98B1F9-9B30-49AB-AECE-A8B21C1A0258}.RelWithDebInfo|Win32.Build.0 = RelWithDebInfo|Win32
		{FA0334B7-5CFB-45B9-8EB6-47F62805E4B7}.Debug|Win32.ActiveCfg = Debug|Win32
		{FA0334B7-5CFB-45B9-8EB6-47F62805E4B7}.Debug|Win32.Build.0 = Debug|Win32
		{FA0334B7-5CFB-45B9-8EB6-47F62805E4B7}.Release|Win32.ActiveCfg = Release|Win32
		{FA0334B7-5CFB-45B9-8EB6-47F62805E4B7}.Release|Win32.Build.0 = Release|Win32
		{FA0334B7-5CFB-45B9-8EB6-47F62805E4B7}.MinSizeRel|Win32.ActiveCfg = MinSizeRel|Win32
		{FA0334B7-5CFB-45B9-8EB6-47F62805E4B7}.MinSizeRel|Win32.Build.0 = MinSizeRel|Win32
		{FA0334B7-5CFB-45B9-8EB6-47F62805E4B7}.RelWithDebInfo|Win32.ActiveCfg = RelWithDebInfo|Win32
		{FA0334B7-5CFB-45B9-8EB6-47F62805E4B7}.RelWithDebInfo|Win32.Build.0 = RelWithDebInfo|Win32
		{ACF03314-3EF9-46E9-99FB-0EC891E76158}.Debug|Win32.ActiveCfg = Debug|Win32
		{ACF03314-3EF9-46E9-99FB-0EC891E76158}.Debug|Win32.Build.0 = Debug|Win32
		{ACF03314-3EF9-46E9-99FB-0EC891E76158}.Release|Win32.ActiveCfg = Release|Win32
		{ACF03314-3EF9-46E9-99FB-0EC891E76158}.Release|Win32.Build.0 = Release|Win32
		{ACF03314-3EF9-46E9-99FB-0EC891E76158}.MinSizeRel|Win32.ActiveCfg = MinSizeRel|Win32
		{ACF03314-3EF9-46E9-99FB-0EC891E76158}.MinSizeRel|Win32.Build.0 = MinSizeRel|Win32
		{ACF03314-3EF9-46E9-99FB-0EC891E76158}.RelWithDebInfo|Win32.ActiveCfg = RelWithDebInfo|Win32
		{ACF03314-3EF9-46E9-99FB-0EC891E76158}.RelWithDebInfo|Win32.Build.0 = RelWithDebInfo|Win32
		{21B9308B-D927-461D-A5B4-8983BC8FB465}.Debug|Win32.ActiveCfg = Debug|Win32
		{21B9308B-D927-461D-A5B4-8983BC8FB465}.Debug|Win32.Build.0 = Debug|Win32
		{21B9308B-D927-461D-A5B4-8983BC8FB465}.Release|Win32.ActiveCfg = Release|Win32
		{21B9308B-D927-461D-A5B4-8983BC8FB465}.Release|Win32.Build.0 = Release|Win32
		{21B9308B-D927-461D-A5B4-8983BC8FB465}.MinSizeRel|Win32.ActiveCfg = MinSizeRel|Win32
		{21B9308B-D927-461D-A5B4-8983BC8FB465}.MinSizeRel|Win32.Build.0 = MinSizeRel|Win32
		{21B9308B-D927-461D-A5B4-8983BC8FB465}.RelWithDebInfo|Win32.ActiveCfg = RelWithDebInfo|Win32
		{21B9308B-D927-461D-A5B4-8983BC8FB465}.RelWithDebInfo|Win32.Build.0 = RelWithDebInfo|Win32
		{DDFF97D9-9694-4267-9786-6062F15A1EC6}.Debug|Win32.ActiveCfg = Debug|Win32
		{DDFF97D9-9694-4267-9786-6062F15A1EC6}.Debug|Win32.Build.0 = Debug|Win32
		{DDFF97D9-9694-4267-9786-6062F15A1EC6}.Release|Win32.ActiveCfg = Release|Win32
		{DDFF97D9-9694-4267-9786-6062F15A1EC6}.Release|Win32.Build.0 = Release|Win32
		{DDFF97D9-9694-4267-9786-6062F15A1EC6}.MinSizeRel|Win32.ActiveCfg = MinSizeRel|Win32
		{DDFF97D9-9694-4267-9786-6062F15A1EC6}.MinSizeRel|Win32.Build.0 = MinSizeRel|Win32
		{DDFF97D9-9694-4267-9786-6062F15A1EC6}.RelWithDebInfo|Win32.ActiveCfg = RelWithDebInfo|Win32
		{DDFF97D9-9694-4267-9786-6062F15A1EC6}.RelWithDebInfo|Win32.Build.0 = RelWithDebInfo|Win32
	EndGlobalSection
	GlobalSection(ExtensibilityGlobals) = postSolution
	EndGlobalSection
	GlobalSection(ExtensibilityAddIns) = postSolution
	EndGlobalSection
EndGlobal
