<?xml version="1.0" encoding="utf-8"?>
<Project ToolsVersion="4.0" xmlns="http://schemas.microsoft.com/developer/msbuild/2003">
  <ItemGroup>
    <ClCompile Include="d2d1trace.cpp">
      <Filter>Source Files</Filter>
    </ClCompile>
  </ItemGroup>
  <ItemGroup>
    <CustomBuild Include="..\..\wrappers\CMakeLists.txt" />
    <CustomBuild Include="..\CMakeFiles\e284d528da8d8571e6845bb607706617\d2d1trace.cpp.rule">
      <Filter>CMake Rules</Filter>
    </CustomBuild>
  </ItemGroup>
  <ItemGroup>
    <Filter Include="Source Files">
      <UniqueIdentifier>{93B5B1E2-FD23-4924-871A-E87C9CD88DB9}</UniqueIdentifier>
    </Filter>
    <Filter Include="CMake Rules">
      <UniqueIdentifier>{33ECA42E-A0B4-4465-8830-35005A32722E}</UniqueIdentifier>
    </Filter>
  </ItemGroup>
</Project>
